
Microsoft Visual Studio Solution File, Format Version 12.00
# Visual Studio 15
VisualStudioVersion = 15.0.27703.2035
MinimumVisualStudioVersion = 10.0.40219.1
Project("{8BC9CEB8-8B4A-11D0-8D11-00A0C91BC942}") = "RpgLamp", "RpgLamp\RpgLamp.vcxproj", "{2BADD3F7-C0E5-4962-88AE-8632E82B5682}"
EndProject
Global
	GlobalSection(SolutionConfigurationPlatforms) = preSolution
		Debug|x64 = Debug|x64
		Debug|x86 = Debug|x86
		Release|x64 = Release|x64
		Release|x86 = Release|x86
	EndGlobalSection
	GlobalSection(ProjectConfigurationPlatforms) = postSolution
		{2BADD3F7-C0E5-4962-88AE-8632E82B5682}.Debug|x64.ActiveCfg = Debug|x64
		{2BADD3F7-C0E5-4962-88AE-8632E82B5682}.Debug|x64.Build.0 = Debug|x64
		{2BADD3F7-C0E5-4962-88AE-8632E82B5682}.Debug|x86.ActiveCfg = Debug|Win32
		{2BADD3F7-C0E5-4962-88AE-8632E82B5682}.Debug|x86.Build.0 = Debug|Win32
		{2BADD3F7-C0E5-4962-88AE-8632E82B5682}.Release|x64.ActiveCfg = Release|x64
		{2BADD3F7-C0E5-4962-88AE-8632E82B5682}.Release|x64.Build.0 = Release|x64
		{2BADD3F7-C0E5-4962-88AE-8632E82B5682}.Release|x86.ActiveCfg = Release|Win32
		{2BADD3F7-C0E5-4962-88AE-8632E82B5682}.Release|x86.Build.0 = Release|Win32
	EndGlobalSection
	GlobalSection(SolutionProperties) = preSolution
		HideSolutionNode = FALSE
	EndGlobalSection
	GlobalSection(ExtensibilityGlobals) = postSolution
		SolutionGuid = {978C40ED-13D4-4FC1-891E-1E7350243BF8}
	EndGlobalSection
EndGlobal
